<?xml version="1.0" encoding="utf-8"?>
<Project ToolsVersion="4.0" xmlns="http://schemas.microsoft.com/developer/msbuild/2003">
  <ItemGroup>
    <ClInclude Include="PlayLevel.h">
      <Filter>Object\PlayLevel</Filter>
    </ClInclude>
    <ClInclude Include="TitleLevel.h">
      <Filter>Object\TitleLevel</Filter>
    </ClInclude>
    <ClInclude Include="IsaacCore.h">
      <Filter>GameCore</Filter>
    </ClInclude>
    <ClInclude Include="IntroLevel.h">
      <Filter>Object\IntroLevel</Filter>
    </ClInclude>
    <ClInclude Include="IntroBackground.h">
      <Filter>Object\IntroLevel\Actor</Filter>
    </ClInclude>
    <ClInclude Include="ContentsHelper.h" />
    <ClInclude Include="StartImage.h">
      <Filter>Object\TitleLevel\Actor</Filter>
    </ClInclude>
    <ClInclude Include="Bullet.h">
      <Filter>Object\PlayLevel\Actor\Player</Filter>
    </ClInclude>
    <ClInclude Include="Player.h">
      <Filter>Object\PlayLevel\Actor\Player</Filter>
    </ClInclude>
    <ClInclude Include="Fly.h">
      <Filter>Object\PlayLevel\Actor\Monster</Filter>
    </ClInclude>
    <ClInclude Include="Monster.h">
      <Filter>Object\PlayLevel\Actor\Monster</Filter>
    </ClInclude>
    <ClInclude Include="Room.h">
      <Filter>Object\PlayLevel\Actor\Room</Filter>
    </ClInclude>
    <ClInclude Include="Bomb.h">
      <Filter>Object\PlayLevel\Actor\Player</Filter>
    </ClInclude>
    <ClInclude Include="MonsterBullet.h">
      <Filter>Object\PlayLevel\Actor\Monster</Filter>
    </ClInclude>
    <ClInclude Include="Pooter.h">
      <Filter>Object\PlayLevel\Actor\Monster</Filter>
    </ClInclude>
    <ClInclude Include="DukeOfFlies.h">
      <Filter>Object\PlayLevel\Actor\Monster</Filter>
    </ClInclude>
    <ClInclude Include="Polyphemus.h">
      <Filter>Object\PlayLevel\Actor\Items</Filter>
    </ClInclude>
    <ClInclude Include="Item.h">
      <Filter>Object\PlayLevel\Actor\Items</Filter>
    </ClInclude>
    <ClInclude Include="UIManager.h">
      <Filter>Object\PlayLevel\Actor\UI</Filter>
    </ClInclude>
    <ClInclude Include="MiniMap.h">
      <Filter>Object\PlayLevel\Actor\UI</Filter>
    </ClInclude>
    <ClInclude Include="Boomfly.h">
      <Filter>Object\PlayLevel\Actor\Monster</Filter>
    </ClInclude>
  </ItemGroup>
  <ItemGroup>
    <ClCompile Include="PlayLevel.cpp">
      <Filter>Object\PlayLevel</Filter>
    </ClCompile>
    <ClCompile Include="TitleLevel.cpp">
      <Filter>Object\TitleLevel</Filter>
    </ClCompile>
    <ClCompile Include="IsaacCore.cpp">
      <Filter>GameCore</Filter>
    </ClCompile>
    <ClCompile Include="IntroLevel.cpp">
      <Filter>Object\IntroLevel</Filter>
    </ClCompile>
    <ClCompile Include="IntroBackground.cpp">
      <Filter>Object\IntroLevel\Actor</Filter>
    </ClCompile>
    <ClCompile Include="ContentsHelper.cpp" />
    <ClCompile Include="StartImage.cpp">
      <Filter>Object\TitleLevel\Actor</Filter>
    </ClCompile>
    <ClCompile Include="Bullet.cpp">
      <Filter>Object\PlayLevel\Actor\Player</Filter>
    </ClCompile>
    <ClCompile Include="Player.cpp">
      <Filter>Object\PlayLevel\Actor\Player</Filter>
    </ClCompile>
    <ClCompile Include="Fly.cpp">
      <Filter>Object\PlayLevel\Actor\Monster</Filter>
    </ClCompile>
    <ClCompile Include="Monster.cpp">
      <Filter>Object\PlayLevel\Actor\Monster</Filter>
    </ClCompile>
    <ClCompile Include="Room.cpp">
      <Filter>Object\PlayLevel\Actor\Room</Filter>
    </ClCompile>
    <ClCompile Include="Bomb.cpp">
      <Filter>Object\PlayLevel\Actor\Player</Filter>
    </ClCompile>
    <ClCompile Include="MonsterBullet.cpp">
      <Filter>Object\PlayLevel\Actor\Monster</Filter>
    </ClCompile>
    <ClCompile Include="Pooter.cpp">
      <Filter>Object\PlayLevel\Actor\Monster</Filter>
    </ClCompile>
    <ClCompile Include="DukeOfFlies.cpp">
      <Filter>Object\PlayLevel\Actor\Monster</Filter>
    </ClCompile>
    <ClCompile Include="Polyphemus.cpp">
      <Filter>Object\PlayLevel\Actor\Items</Filter>
    </ClCompile>
    <ClCompile Include="Item.cpp">
      <Filter>Object\PlayLevel\Actor\Items</Filter>
    </ClCompile>
    <ClCompile Include="UIManager.cpp">
      <Filter>Object\PlayLevel\Actor\UI</Filter>
    </ClCompile>
    <ClCompile Include="MiniMap.cpp">
      <Filter>Object\PlayLevel\Actor\UI</Filter>
    </ClCompile>
    <ClCompile Include="Boomfly.cpp">
      <Filter>Object\PlayLevel\Actor\Monster</Filter>
    </ClCompile>
  </ItemGroup>
  <ItemGroup>
    <Filter Include="GameCore">
      <UniqueIdentifier>{fe7ea387-705f-405f-a77a-1e486350a7bf}</UniqueIdentifier>
    </Filter>
    <Filter Include="Object">
      <UniqueIdentifier>{bb607b65-b543-409c-9cd4-61e542ca7689}</UniqueIdentifier>
    </Filter>
    <Filter Include="Object\PlayLevel">
      <UniqueIdentifier>{2f4b55dc-6c6a-4947-98d2-cbc5ccc33c91}</UniqueIdentifier>
    </Filter>
    <Filter Include="Object\PlayLevel\Actor">
      <UniqueIdentifier>{22989a66-11ba-45da-87df-ef68a9cafda8}</UniqueIdentifier>
    </Filter>
    <Filter Include="Object\TitleLevel">
      <UniqueIdentifier>{7fb0ff4b-f7e7-43e1-9d7f-0a1d09289f65}</UniqueIdentifier>
    </Filter>
    <Filter Include="Object\TitleLevel\Actor">
      <UniqueIdentifier>{17571ce6-6908-4654-bff2-8eb2f6e8b276}</UniqueIdentifier>
    </Filter>
    <Filter Include="Object\IntroLevel">
      <UniqueIdentifier>{d8b724b8-bab1-4a41-8f37-ffdbedcf7e81}</UniqueIdentifier>
    </Filter>
    <Filter Include="Object\IntroLevel\Actor">
      <UniqueIdentifier>{c9ff6eff-b32c-4aad-8637-c8642b7c3d09}</UniqueIdentifier>
    </Filter>
    <Filter Include="Object\PlayLevel\Actor\Monster">
      <UniqueIdentifier>{5a917780-1827-4295-bd83-1711f801b62c}</UniqueIdentifier>
    </Filter>
    <Filter Include="Object\PlayLevel\Actor\Player">
      <UniqueIdentifier>{3fd5cca5-5b6e-4168-9a9c-8f446f6749ef}</UniqueIdentifier>
    </Filter>
    <Filter Include="Object\PlayLevel\Actor\Room">
      <UniqueIdentifier>{181d8ba9-27ff-4adc-b758-fb0be251ffea}</UniqueIdentifier>
    </Filter>
    <Filter Include="Object\PlayLevel\Actor\Items">
      <UniqueIdentifier>{70238ffe-b069-4e61-86a2-473363c66e93}</UniqueIdentifier>
    </Filter>
    <Filter Include="Object\PlayLevel\Actor\UI">
      <UniqueIdentifier>{19b2ea49-2ad3-4029-b620-607e10d1840d}</UniqueIdentifier>
    </Filter>
  </ItemGroup>
</Project>